{
  "pins" : [
    {
      "identity" : "fellerbuncher",
      "kind" : "remoteSourceControl",
      "location" : "https://github.com/adamwulf/FellerBuncher.git",
      "state" : {
        "branch" : "main",
        "revision" : "39a70d805ceaa33f76c9e08c6371c4776ecc73f6"
      }
    },
    {
      "identity" : "logfmt",
      "kind" : "remoteSourceControl",
      "location" : "https://github.com/adamwulf/Logfmt.git",
      "state" : {
        "branch" : "main",
        "revision" : "a6d6eb29177f65f3e252610a2176d318026d634c"
      }
    },
    {
      "identity" : "phonenumberkit",
      "kind" : "remoteSourceControl",
      "location" : "https://github.com/PhoneNumberKit/PhoneNumberKit.git",
      "state" : {
        "revision" : "ab06a8333394f4a4fb6eecca447dae0aa06c1eca",
        "version" : "5.0.4"
      }
    },
    {
      "identity" : "swift-log",
      "kind" : "remoteSourceControl",
      "location" : "https://github.com/apple/swift-log.git",
      "state" : {
        "revision" : "a878e7f8f46cfc0e1125e565b5c08e7d5272dc9a",
        "version" : "1.14.0"
      }
    }
  ],
  "version" : 2
}
