// !$*UTF8*$!
{
	archiveVersion = 1;
	classes = {
	};
	objectVersion = 77;
	objects = {

/* Begin PBXBuildFile section */
		A100000000000000000000D3 /* GuessWhoSync in Frameworks */ = {isa = PBXBuildFile; productRef = A100000000000000000000D2 /* GuessWhoSync */; };
		A100000000000000000000D5 /* GuessWhoLogging in Frameworks */ = {isa = PBXBuildFile; productRef = A100000000000000000000D4 /* GuessWhoLogging */; };
		B200000000000000000000D5 /* GuessWhoLogging in Frameworks */ = {isa = PBXBuildFile; productRef = B200000000000000000000D4 /* GuessWhoLogging */; };
		B200000000000000000000F1 /* GuessWhoLinkedIn.appex in Embed Foundation Extensions */ = {isa = PBXBuildFile; fileRef = B200000000000000000000C0 /* GuessWhoLinkedIn.appex */; settings = {ATTRIBUTES = (RemoveHeadersOnCopy, ); }; };
		C700000000000000000000A1 /* AppKitPlugin.swift in Sources (app) */ = {isa = PBXBuildFile; fileRef = C700000000000000000000F1 /* AppKitPlugin.swift */; };
		C700000000000000000000A2 /* AppKitPlugin.swift in Sources (bundle) */ = {isa = PBXBuildFile; fileRef = C700000000000000000000F1 /* AppKitPlugin.swift */; };
		C700000000000000000000A3 /* GuessWhoAppKitBridge.swift in Sources (bundle) */ = {isa = PBXBuildFile; fileRef = C700000000000000000000F2 /* GuessWhoAppKitBridge.swift */; };
		C700000000000000000000A4 /* GuessWhoAppKitBridge.bundle in Embed Foundation Extensions */ = {isa = PBXBuildFile; fileRef = C700000000000000000000C0 /* GuessWhoAppKitBridge.bundle */; platformFilter = maccatalyst; settings = {ATTRIBUTES = (RemoveHeadersOnCopy, CodeSignOnCopy, ); }; };
/* End PBXBuildFile section */

/* Begin PBXContainerItemProxy section */
		B200000000000000000000F2 /* PBXContainerItemProxy */ = {
			isa = PBXContainerItemProxy;
			containerPortal = A100000000000000000000A0 /* Project object */;
			proxyType = 1;
			remoteGlobalIDString = B200000000000000000000B1;
			remoteInfo = GuessWhoLinkedIn;
		};
		C55586FF2FE7A7DE002F1969 /* PBXContainerItemProxy */ = {
			isa = PBXContainerItemProxy;
			containerPortal = A100000000000000000000A0 /* Project object */;
			proxyType = 1;
			remoteGlobalIDString = A100000000000000000000B1;
			remoteInfo = GuessWho;
		};
		C700000000000000000000F5 /* PBXContainerItemProxy */ = {
			isa = PBXContainerItemProxy;
			containerPortal = A100000000000000000000A0 /* Project object */;
			proxyType = 1;
			remoteGlobalIDString = C700000000000000000000B1;
			remoteInfo = GuessWhoAppKitBridge;
		};
/* End PBXContainerItemProxy section */

/* Begin PBXCopyFilesBuildPhase section */
		B200000000000000000000F0 /* Embed Foundation Extensions */ = {
			isa = PBXCopyFilesBuildPhase;
			buildActionMask = 2147483647;
			dstPath = "";
			dstSubfolderSpec = 13;
			files = (
				B200000000000000000000F1 /* GuessWhoLinkedIn.appex in Embed Foundation Extensions */,
				C700000000000000000000A4 /* GuessWhoAppKitBridge.bundle in Embed Foundation Extensions */,
			);
			name = "Embed Foundation Extensions";
			runOnlyForDeploymentPostprocessing = 0;
		};
/* End PBXCopyFilesBuildPhase section */

/* Begin PBXFileReference section */
		A100000000000000000000C0 /* GuessWho.app */ = {isa = PBXFileReference; explicitFileType = wrapper.application; includeInIndex = 0; path = GuessWho.app; sourceTree = BUILT_PRODUCTS_DIR; };
		A100000000000000000000E1 /* SharedVersion.xcconfig */ = {isa = PBXFileReference; lastKnownFileType = text.xcconfig; path = SharedVersion.xcconfig; sourceTree = "<group>"; };
		A100000000000000000000E2 /* Project-Shared.xcconfig */ = {isa = PBXFileReference; lastKnownFileType = text.xcconfig; path = "Project-Shared.xcconfig"; sourceTree = "<group>"; };
		A100000000000000000000E3 /* Project-Debug.xcconfig */ = {isa = PBXFileReference; lastKnownFileType = text.xcconfig; path = "Project-Debug.xcconfig"; sourceTree = "<group>"; };
		A100000000000000000000E4 /* Project-Release.xcconfig */ = {isa = PBXFileReference; lastKnownFileType = text.xcconfig; path = "Project-Release.xcconfig"; sourceTree = "<group>"; };
		A100000000000000000000E5 /* GuessWho-Shared.xcconfig */ = {isa = PBXFileReference; lastKnownFileType = text.xcconfig; path = "GuessWho-Shared.xcconfig"; sourceTree = "<group>"; };
		A100000000000000000000E6 /* GuessWhoLinkedIn-Shared.xcconfig */ = {isa = PBXFileReference; lastKnownFileType = text.xcconfig; path = "GuessWhoLinkedIn-Shared.xcconfig"; sourceTree = "<group>"; };
		A100000000000000000000E7 /* GuessWho-Debug.xcconfig */ = {isa = PBXFileReference; lastKnownFileType = text.xcconfig; path = "GuessWho-Debug.xcconfig"; sourceTree = "<group>"; };
		A100000000000000000000E8 /* GuessWho-Release.xcconfig */ = {isa = PBXFileReference; lastKnownFileType = text.xcconfig; path = "GuessWho-Release.xcconfig"; sourceTree = "<group>"; };
		A100000000000000000000E9 /* GuessWhoLinkedIn-Debug.xcconfig */ = {isa = PBXFileReference; lastKnownFileType = text.xcconfig; path = "GuessWhoLinkedIn-Debug.xcconfig"; sourceTree = "<group>"; };
		A100000000000000000000EA /* GuessWhoLinkedIn-Release.xcconfig */ = {isa = PBXFileReference; lastKnownFileType = text.xcconfig; path = "GuessWhoLinkedIn-Release.xcconfig"; sourceTree = "<group>"; };
		C700000000000000000000E5 /* GuessWhoAppKitBridge-Shared.xcconfig */ = {isa = PBXFileReference; lastKnownFileType = text.xcconfig; path = "GuessWhoAppKitBridge-Shared.xcconfig"; sourceTree = "<group>"; };
		C700000000000000000000E9 /* GuessWhoAppKitBridge-Debug.xcconfig */ = {isa = PBXFileReference; lastKnownFileType = text.xcconfig; path = "GuessWhoAppKitBridge-Debug.xcconfig"; sourceTree = "<group>"; };
		C700000000000000000000EA /* GuessWhoAppKitBridge-Release.xcconfig */ = {isa = PBXFileReference; lastKnownFileType = text.xcconfig; path = "GuessWhoAppKitBridge-Release.xcconfig"; sourceTree = "<group>"; };
		C700000000000000000000F1 /* AppKitPlugin.swift */ = {isa = PBXFileReference; lastKnownFileType = sourcecode.swift; path = AppKitPlugin.swift; sourceTree = "<group>"; };
		C700000000000000000000F2 /* GuessWhoAppKitBridge.swift */ = {isa = PBXFileReference; lastKnownFileType = sourcecode.swift; path = GuessWhoAppKitBridge.swift; sourceTree = "<group>"; };
		C700000000000000000000C0 /* GuessWhoAppKitBridge.bundle */ = {isa = PBXFileReference; explicitFileType = wrapper.cfbundle; includeInIndex = 0; path = GuessWhoAppKitBridge.bundle; sourceTree = BUILT_PRODUCTS_DIR; };
		B200000000000000000000C0 /* GuessWhoLinkedIn.appex */ = {isa = PBXFileReference; explicitFileType = "wrapper.app-extension"; includeInIndex = 0; path = GuessWhoLinkedIn.appex; sourceTree = BUILT_PRODUCTS_DIR; };
		C55586F92FE7A7DE002F1969 /* GuessWhoUITests.xctest */ = {isa = PBXFileReference; explicitFileType = wrapper.cfbundle; includeInIndex = 0; path = GuessWhoUITests.xctest; sourceTree = BUILT_PRODUCTS_DIR; };
/* End PBXFileReference section */

/* Begin PBXFileSystemSynchronizedBuildFileExceptionSet section */
		A100000000000000000000A4 /* Exceptions for "GuessWho" folder in "GuessWho" target */ = {
			isa = PBXFileSystemSynchronizedBuildFileExceptionSet;
			membershipExceptions = (
				Info.plist,
			);
			target = A100000000000000000000B1 /* GuessWho */;
		};
		B200000000000000000000A4 /* Exceptions for "GuessWhoLinkedIn" folder in "GuessWhoLinkedIn" target */ = {
			isa = PBXFileSystemSynchronizedBuildFileExceptionSet;
			membershipExceptions = (
				Info.plist,
			);
			target = B200000000000000000000B1 /* GuessWhoLinkedIn */;
		};
/* End PBXFileSystemSynchronizedBuildFileExceptionSet section */

/* Begin PBXFileSystemSynchronizedRootGroup section */
		A100000000000000000000A3 /* GuessWho */ = {
			isa = PBXFileSystemSynchronizedRootGroup;
			exceptions = (
				A100000000000000000000A4 /* Exceptions for "GuessWho" folder in "GuessWho" target */,
			);
			path = GuessWho;
			sourceTree = "<group>";
		};
		B200000000000000000000A3 /* GuessWhoLinkedIn */ = {
			isa = PBXFileSystemSynchronizedRootGroup;
			exceptions = (
				B200000000000000000000A4 /* Exceptions for "GuessWhoLinkedIn" folder in "GuessWhoLinkedIn" target */,
			);
			path = GuessWhoLinkedIn;
			sourceTree = "<group>";
		};
		C55586FA2FE7A7DE002F1969 /* GuessWhoUITests */ = {
			isa = PBXFileSystemSynchronizedRootGroup;
			path = GuessWhoUITests;
			sourceTree = "<group>";
		};
/* End PBXFileSystemSynchronizedRootGroup section */

/* Begin PBXFrameworksBuildPhase section */
		A100000000000000000000B4 /* Frameworks */ = {
			isa = PBXFrameworksBuildPhase;
			buildActionMask = 2147483647;
			files = (
				A100000000000000000000D3 /* GuessWhoSync in Frameworks */,
				A100000000000000000000D5 /* GuessWhoLogging in Frameworks */,
			);
			runOnlyForDeploymentPostprocessing = 0;
		};
		B200000000000000000000B4 /* Frameworks */ = {
			isa = PBXFrameworksBuildPhase;
			buildActionMask = 2147483647;
			files = (
				B200000000000000000000D5 /* GuessWhoLogging in Frameworks */,
			);
			runOnlyForDeploymentPostprocessing = 0;
		};
		C55586F62FE7A7DE002F1969 /* Frameworks */ = {
			isa = PBXFrameworksBuildPhase;
			buildActionMask = 2147483647;
			files = (
			);
			runOnlyForDeploymentPostprocessing = 0;
		};
		C700000000000000000000B4 /* Frameworks */ = {
			isa = PBXFrameworksBuildPhase;
			buildActionMask = 2147483647;
			files = (
			);
			runOnlyForDeploymentPostprocessing = 0;
		};
/* End PBXFrameworksBuildPhase section */

/* Begin PBXGroup section */
		A100000000000000000000A1 = {
			isa = PBXGroup;
			children = (
				A100000000000000000000A7 /* Config */,
				A100000000000000000000A3 /* GuessWho */,
				C700000000000000000000D0 /* GuessWhoAppKitBridge */,
				B200000000000000000000A3 /* GuessWhoLinkedIn */,
				C55586FA2FE7A7DE002F1969 /* GuessWhoUITests */,
				A100000000000000000000A5 /* Products */,
			);
			sourceTree = "<group>";
		};
		C700000000000000000000D0 /* GuessWhoAppKitBridge */ = {
			isa = PBXGroup;
			children = (
				C700000000000000000000F1 /* AppKitPlugin.swift */,
				C700000000000000000000F2 /* GuessWhoAppKitBridge.swift */,
			);
			path = GuessWhoAppKitBridge;
			sourceTree = "<group>";
		};
		A100000000000000000000A5 /* Products */ = {
			isa = PBXGroup;
			children = (
				A100000000000000000000C0 /* GuessWho.app */,
				B200000000000000000000C0 /* GuessWhoLinkedIn.appex */,
				C700000000000000000000C0 /* GuessWhoAppKitBridge.bundle */,
				C55586F92FE7A7DE002F1969 /* GuessWhoUITests.xctest */,
			);
			name = Products;
			sourceTree = "<group>";
		};
		A100000000000000000000A7 /* Config */ = {
			isa = PBXGroup;
			children = (
				A100000000000000000000E1 /* SharedVersion.xcconfig */,
				A100000000000000000000E2 /* Project-Shared.xcconfig */,
				A100000000000000000000E3 /* Project-Debug.xcconfig */,
				A100000000000000000000E4 /* Project-Release.xcconfig */,
				A100000000000000000000E5 /* GuessWho-Shared.xcconfig */,
				A100000000000000000000E7 /* GuessWho-Debug.xcconfig */,
				A100000000000000000000E8 /* GuessWho-Release.xcconfig */,
				A100000000000000000000E6 /* GuessWhoLinkedIn-Shared.xcconfig */,
				A100000000000000000000E9 /* GuessWhoLinkedIn-Debug.xcconfig */,
				A100000000000000000000EA /* GuessWhoLinkedIn-Release.xcconfig */,
				C700000000000000000000E5 /* GuessWhoAppKitBridge-Shared.xcconfig */,
				C700000000000000000000E9 /* GuessWhoAppKitBridge-Debug.xcconfig */,
				C700000000000000000000EA /* GuessWhoAppKitBridge-Release.xcconfig */,
			);
			path = Config;
			sourceTree = "<group>";
		};
/* End PBXGroup section */

/* Begin PBXNativeTarget section */
		A100000000000000000000B1 /* GuessWho */ = {
			isa = PBXNativeTarget;
			buildConfigurationList = A100000000000000000000C2 /* Build configuration list for PBXNativeTarget "GuessWho" */;
			buildPhases = (
				A100000000000000000000B2 /* Sources */,
				A100000000000000000000B4 /* Frameworks */,
				A100000000000000000000B3 /* Resources */,
				B200000000000000000000F0 /* Embed Foundation Extensions */,
			);
			buildRules = (
			);
			dependencies = (
				B200000000000000000000F3 /* PBXTargetDependency */,
				C700000000000000000000F6 /* PBXTargetDependency */,
			);
			fileSystemSynchronizedGroups = (
				A100000000000000000000A3 /* GuessWho */,
			);
			name = GuessWho;
			packageProductDependencies = (
				A100000000000000000000D2 /* GuessWhoSync */,
				A100000000000000000000D4 /* GuessWhoLogging */,
			);
			productName = GuessWho;
			productReference = A100000000000000000000C0 /* GuessWho.app */;
			productType = "com.apple.product-type.application";
		};
		B200000000000000000000B1 /* GuessWhoLinkedIn */ = {
			isa = PBXNativeTarget;
			buildConfigurationList = B200000000000000000000C2 /* Build configuration list for PBXNativeTarget "GuessWhoLinkedIn" */;
			buildPhases = (
				B200000000000000000000B2 /* Sources */,
				B200000000000000000000B4 /* Frameworks */,
				B200000000000000000000B3 /* Resources */,
			);
			buildRules = (
			);
			dependencies = (
			);
			fileSystemSynchronizedGroups = (
				B200000000000000000000A3 /* GuessWhoLinkedIn */,
			);
			name = GuessWhoLinkedIn;
			packageProductDependencies = (
				B200000000000000000000D4 /* GuessWhoLogging */,
			);
			productName = GuessWhoLinkedIn;
			productReference = B200000000000000000000C0 /* GuessWhoLinkedIn.appex */;
			productType = "com.apple.product-type.app-extension";
		};
		C700000000000000000000B1 /* GuessWhoAppKitBridge */ = {
			isa = PBXNativeTarget;
			buildConfigurationList = C700000000000000000000C2 /* Build configuration list for PBXNativeTarget "GuessWhoAppKitBridge" */;
			buildPhases = (
				C700000000000000000000B2 /* Sources */,
				C700000000000000000000B4 /* Frameworks */,
			);
			buildRules = (
			);
			dependencies = (
			);
			name = GuessWhoAppKitBridge;
			packageProductDependencies = (
			);
			productName = GuessWhoAppKitBridge;
			productReference = C700000000000000000000C0 /* GuessWhoAppKitBridge.bundle */;
			productType = "com.apple.product-type.bundle";
		};
		C55586F82FE7A7DE002F1969 /* GuessWhoUITests */ = {
			isa = PBXNativeTarget;
			buildConfigurationList = C55587032FE7A7DE002F1969 /* Build configuration list for PBXNativeTarget "GuessWhoUITests" */;
			buildPhases = (
				C55586F52FE7A7DE002F1969 /* Sources */,
				C55586F62FE7A7DE002F1969 /* Frameworks */,
				C55586F72FE7A7DE002F1969 /* Resources */,
			);
			buildRules = (
			);
			dependencies = (
				C55587002FE7A7DE002F1969 /* PBXTargetDependency */,
			);
			fileSystemSynchronizedGroups = (
				C55586FA2FE7A7DE002F1969 /* GuessWhoUITests */,
			);
			name = GuessWhoUITests;
			packageProductDependencies = (
			);
			productName = GuessWhoUITests;
			productReference = C55586F92FE7A7DE002F1969 /* GuessWhoUITests.xctest */;
			productType = "com.apple.product-type.bundle.ui-testing";
		};
/* End PBXNativeTarget section */

/* Begin PBXProject section */
		A100000000000000000000A0 /* Project object */ = {
			isa = PBXProject;
			attributes = {
				BuildIndependentTargetsInParallel = 1;
				LastSwiftUpdateCheck = 2630;
				LastUpgradeCheck = 2630;
				TargetAttributes = {
					A100000000000000000000B1 = {
						CreatedOnToolsVersion = 26.3;
					};
					B200000000000000000000B1 = {
						CreatedOnToolsVersion = 26.3;
					};
					C700000000000000000000B1 = {
						CreatedOnToolsVersion = 26.3;
					};
					C55586F82FE7A7DE002F1969 = {
						CreatedOnToolsVersion = 26.3;
						TestTargetID = A100000000000000000000B1;
					};
				};
			};
			buildConfigurationList = A100000000000000000000C1 /* Build configuration list for PBXProject "GuessWho" */;
			developmentRegion = en;
			hasScannedForEncodings = 0;
			knownRegions = (
				en,
				Base,
			);
			mainGroup = A100000000000000000000A1;
			minimizedProjectReferenceProxies = 1;
			packageReferences = (
				A100000000000000000000D1 /* XCLocalSwiftPackageReference ".." */,
			);
			preferredProjectObjectVersion = 77;
			productRefGroup = A100000000000000000000A5 /* Products */;
			projectDirPath = "";
			projectRoot = "";
			targets = (
				A100000000000000000000B1 /* GuessWho */,
				B200000000000000000000B1 /* GuessWhoLinkedIn */,
				C700000000000000000000B1 /* GuessWhoAppKitBridge */,
				C55586F82FE7A7DE002F1969 /* GuessWhoUITests */,
			);
		};
/* End PBXProject section */

/* Begin PBXResourcesBuildPhase section */
		A100000000000000000000B3 /* Resources */ = {
			isa = PBXResourcesBuildPhase;
			buildActionMask = 2147483647;
			files = (
			);
			runOnlyForDeploymentPostprocessing = 0;
		};
		B200000000000000000000B3 /* Resources */ = {
			isa = PBXResourcesBuildPhase;
			buildActionMask = 2147483647;
			files = (
			);
			runOnlyForDeploymentPostprocessing = 0;
		};
		C55586F72FE7A7DE002F1969 /* Resources */ = {
			isa = PBXResourcesBuildPhase;
			buildActionMask = 2147483647;
			files = (
			);
			runOnlyForDeploymentPostprocessing = 0;
		};
/* End PBXResourcesBuildPhase section */

/* Begin PBXSourcesBuildPhase section */
		A100000000000000000000B2 /* Sources */ = {
			isa = PBXSourcesBuildPhase;
			buildActionMask = 2147483647;
			files = (
				C700000000000000000000A1 /* AppKitPlugin.swift in Sources (app) */,
			);
			runOnlyForDeploymentPostprocessing = 0;
		};
		B200000000000000000000B2 /* Sources */ = {
			isa = PBXSourcesBuildPhase;
			buildActionMask = 2147483647;
			files = (
			);
			runOnlyForDeploymentPostprocessing = 0;
		};
		C55586F52FE7A7DE002F1969 /* Sources */ = {
			isa = PBXSourcesBuildPhase;
			buildActionMask = 2147483647;
			files = (
			);
			runOnlyForDeploymentPostprocessing = 0;
		};
		C700000000000000000000B2 /* Sources */ = {
			isa = PBXSourcesBuildPhase;
			buildActionMask = 2147483647;
			files = (
				C700000000000000000000A2 /* AppKitPlugin.swift in Sources (bundle) */,
				C700000000000000000000A3 /* GuessWhoAppKitBridge.swift in Sources (bundle) */,
			);
			runOnlyForDeploymentPostprocessing = 0;
		};
/* End PBXSourcesBuildPhase section */

/* Begin PBXTargetDependency section */
		B200000000000000000000F3 /* PBXTargetDependency */ = {
			isa = PBXTargetDependency;
			target = B200000000000000000000B1 /* GuessWhoLinkedIn */;
			targetProxy = B200000000000000000000F2 /* PBXContainerItemProxy */;
		};
		C700000000000000000000F6 /* PBXTargetDependency */ = {
			isa = PBXTargetDependency;
			target = C700000000000000000000B1 /* GuessWhoAppKitBridge */;
			targetProxy = C700000000000000000000F5 /* PBXContainerItemProxy */;
		};
		C55587002FE7A7DE002F1969 /* PBXTargetDependency */ = {
			isa = PBXTargetDependency;
			target = A100000000000000000000B1 /* GuessWho */;
			targetProxy = C55586FF2FE7A7DE002F1969 /* PBXContainerItemProxy */;
		};
/* End PBXTargetDependency section */

/* Begin XCBuildConfiguration section */
		A100000000000000000000C11 /* Debug */ = {
			isa = XCBuildConfiguration;
			baseConfigurationReference = A100000000000000000000E3 /* Project-Debug.xcconfig */;
			buildSettings = {
			};
			name = Debug;
		};
		A100000000000000000000C12 /* Release */ = {
			isa = XCBuildConfiguration;
			baseConfigurationReference = A100000000000000000000E4 /* Project-Release.xcconfig */;
			buildSettings = {
			};
			name = Release;
		};
		A100000000000000000000C21 /* Debug */ = {
			isa = XCBuildConfiguration;
			baseConfigurationReference = A100000000000000000000E7 /* GuessWho-Debug.xcconfig */;
			buildSettings = {
				ASSETCATALOG_COMPILER_INCLUDE_ALL_APPICON_ASSETS = YES;
				ENABLE_APP_SANDBOX = YES;
				ENABLE_INCOMING_NETWORK_CONNECTIONS = NO;
				ENABLE_OUTGOING_NETWORK_CONNECTIONS = NO;
				ENABLE_RESOURCE_ACCESS_AUDIO_INPUT = NO;
				ENABLE_RESOURCE_ACCESS_BLUETOOTH = NO;
				ENABLE_RESOURCE_ACCESS_CALENDARS = NO;
				ENABLE_RESOURCE_ACCESS_CAMERA = NO;
				ENABLE_RESOURCE_ACCESS_CONTACTS = YES;
				ENABLE_RESOURCE_ACCESS_LOCATION = NO;
				ENABLE_RESOURCE_ACCESS_PRINTING = NO;
				ENABLE_RESOURCE_ACCESS_USB = NO;
				INFOPLIST_KEY_CFBundleDisplayName = "Guess Who";
				INFOPLIST_KEY_LSApplicationCategoryType = "public.app-category.productivity";
				IPHONEOS_DEPLOYMENT_TARGET = 26.0;
				SUPPORTED_PLATFORMS = "iphoneos iphonesimulator";
				SUPPORTS_MACCATALYST = YES;
				SUPPORTS_XR_DESIGNED_FOR_IPHONE_IPAD = NO;
				TARGETED_DEVICE_FAMILY = "1,2";
			};
			name = Debug;
		};
		A100000000000000000000C22 /* Release */ = {
			isa = XCBuildConfiguration;
			baseConfigurationReference = A100000000000000000000E8 /* GuessWho-Release.xcconfig */;
			buildSettings = {
				ASSETCATALOG_COMPILER_INCLUDE_ALL_APPICON_ASSETS = YES;
				ENABLE_APP_SANDBOX = YES;
				ENABLE_INCOMING_NETWORK_CONNECTIONS = NO;
				ENABLE_OUTGOING_NETWORK_CONNECTIONS = NO;
				ENABLE_RESOURCE_ACCESS_AUDIO_INPUT = NO;
				ENABLE_RESOURCE_ACCESS_BLUETOOTH = NO;
				ENABLE_RESOURCE_ACCESS_CALENDARS = NO;
				ENABLE_RESOURCE_ACCESS_CAMERA = NO;
				ENABLE_RESOURCE_ACCESS_CONTACTS = YES;
				ENABLE_RESOURCE_ACCESS_LOCATION = NO;
				ENABLE_RESOURCE_ACCESS_PRINTING = NO;
				ENABLE_RESOURCE_ACCESS_USB = NO;
				INFOPLIST_KEY_CFBundleDisplayName = "Guess Who";
				INFOPLIST_KEY_LSApplicationCategoryType = "public.app-category.productivity";
				IPHONEOS_DEPLOYMENT_TARGET = 26.0;
				SUPPORTED_PLATFORMS = "iphoneos iphonesimulator";
				SUPPORTS_MACCATALYST = YES;
				SUPPORTS_XR_DESIGNED_FOR_IPHONE_IPAD = NO;
				TARGETED_DEVICE_FAMILY = "1,2";
			};
			name = Release;
		};
		B200000000000000000000C21 /* Debug */ = {
			isa = XCBuildConfiguration;
			baseConfigurationReference = A100000000000000000000E9 /* GuessWhoLinkedIn-Debug.xcconfig */;
			buildSettings = {
			};
			name = Debug;
		};
		B200000000000000000000C22 /* Release */ = {
			isa = XCBuildConfiguration;
			baseConfigurationReference = A100000000000000000000EA /* GuessWhoLinkedIn-Release.xcconfig */;
			buildSettings = {
			};
			name = Release;
		};
		C700000000000000000000C21 /* Debug */ = {
			isa = XCBuildConfiguration;
			baseConfigurationReference = C700000000000000000000E9 /* GuessWhoAppKitBridge-Debug.xcconfig */;
			buildSettings = {
			};
			name = Debug;
		};
		C700000000000000000000C22 /* Release */ = {
			isa = XCBuildConfiguration;
			baseConfigurationReference = C700000000000000000000EA /* GuessWhoAppKitBridge-Release.xcconfig */;
			buildSettings = {
			};
			name = Release;
		};
		C55587012FE7A7DE002F1969 /* Debug */ = {
			isa = XCBuildConfiguration;
			buildSettings = {
				ALWAYS_SEARCH_USER_PATHS = NO;
				ASSETCATALOG_COMPILER_GENERATE_SWIFT_ASSET_SYMBOL_EXTENSIONS = YES;
				CLANG_ANALYZER_NONNULL = YES;
				CLANG_ANALYZER_NUMBER_OBJECT_CONVERSION = YES_AGGRESSIVE;
				CLANG_CXX_LANGUAGE_STANDARD = "gnu++20";
				CLANG_ENABLE_MODULES = YES;
				CLANG_ENABLE_OBJC_ARC = YES;
				CLANG_ENABLE_OBJC_WEAK = YES;
				CLANG_WARN_BLOCK_CAPTURE_AUTORELEASING = YES;
				CLANG_WARN_BOOL_CONVERSION = YES;
				CLANG_WARN_COMMA = YES;
				CLANG_WARN_CONSTANT_CONVERSION = YES;
				CLANG_WARN_DEPRECATED_OBJC_IMPLEMENTATIONS = YES;
				CLANG_WARN_DIRECT_OBJC_ISA_USAGE = YES_ERROR;
				CLANG_WARN_DOCUMENTATION_COMMENTS = YES;
				CLANG_WARN_EMPTY_BODY = YES;
				CLANG_WARN_ENUM_CONVERSION = YES;
				CLANG_WARN_INFINITE_RECURSION = YES;
				CLANG_WARN_INT_CONVERSION = YES;
				CLANG_WARN_NON_LITERAL_NULL_CONVERSION = YES;
				CLANG_WARN_OBJC_IMPLICIT_RETAIN_SELF = YES;
				CLANG_WARN_OBJC_LITERAL_CONVERSION = YES;
				CLANG_WARN_OBJC_ROOT_CLASS = YES_ERROR;
				CLANG_WARN_QUOTED_INCLUDE_IN_FRAMEWORK_HEADER = YES;
				CLANG_WARN_RANGE_LOOP_ANALYSIS = YES;
				CLANG_WARN_STRICT_PROTOTYPES = YES;
				CLANG_WARN_SUSPICIOUS_MOVE = YES;
				CLANG_WARN_UNGUARDED_AVAILABILITY = YES_AGGRESSIVE;
				CLANG_WARN_UNREACHABLE_CODE = YES;
				CLANG_WARN__DUPLICATE_METHOD_MATCH = YES;
				CODE_SIGN_STYLE = Automatic;
				COPY_PHASE_STRIP = NO;
				CURRENT_PROJECT_VERSION = 1;
				DEBUG_INFORMATION_FORMAT = dwarf;
				DEVELOPMENT_TEAM = T68Z94627S;
				ENABLE_STRICT_OBJC_MSGSEND = YES;
				ENABLE_TESTABILITY = YES;
				ENABLE_USER_SCRIPT_SANDBOXING = YES;
				GCC_C_LANGUAGE_STANDARD = gnu17;
				GCC_DYNAMIC_NO_PIC = NO;
				GCC_NO_COMMON_BLOCKS = YES;
				GCC_OPTIMIZATION_LEVEL = 0;
				GCC_PREPROCESSOR_DEFINITIONS = (
					"DEBUG=1",
					"$(inherited)",
				);
				GCC_WARN_64_TO_32_BIT_CONVERSION = YES;
				GCC_WARN_ABOUT_RETURN_TYPE = YES_ERROR;
				GCC_WARN_UNDECLARED_SELECTOR = YES;
				GCC_WARN_UNINITIALIZED_AUTOS = YES_AGGRESSIVE;
				GCC_WARN_UNUSED_FUNCTION = YES;
				GCC_WARN_UNUSED_VARIABLE = YES;
				GENERATE_INFOPLIST_FILE = YES;
				IPHONEOS_DEPLOYMENT_TARGET = 26.2;
				LOCALIZATION_PREFERS_STRING_CATALOGS = YES;
				MARKETING_VERSION = 1.0;
				MTL_ENABLE_DEBUG_INFO = INCLUDE_SOURCE;
				MTL_FAST_MATH = YES;
				ONLY_ACTIVE_ARCH = YES;
				PRODUCT_BUNDLE_IDENTIFIER = com.milestonemade.GuessWhoUITests;
				PRODUCT_NAME = "$(TARGET_NAME)";
				SDKROOT = iphoneos;
				STRING_CATALOG_GENERATE_SYMBOLS = NO;
				SWIFT_ACTIVE_COMPILATION_CONDITIONS = "DEBUG $(inherited)";
				SWIFT_APPROACHABLE_CONCURRENCY = YES;
				SWIFT_EMIT_LOC_STRINGS = NO;
				SWIFT_OPTIMIZATION_LEVEL = "-Onone";
				SWIFT_UPCOMING_FEATURE_MEMBER_IMPORT_VISIBILITY = YES;
				SWIFT_VERSION = 5.0;
				TARGETED_DEVICE_FAMILY = "1,2";
				TEST_TARGET_NAME = GuessWho;
			};
			name = Debug;
		};
		C55587022FE7A7DE002F1969 /* Release */ = {
			isa = XCBuildConfiguration;
			buildSettings = {
				ALWAYS_SEARCH_USER_PATHS = NO;
				ASSETCATALOG_COMPILER_GENERATE_SWIFT_ASSET_SYMBOL_EXTENSIONS = YES;
				CLANG_ANALYZER_NONNULL = YES;
				CLANG_ANALYZER_NUMBER_OBJECT_CONVERSION = YES_AGGRESSIVE;
				CLANG_CXX_LANGUAGE_STANDARD = "gnu++20";
				CLANG_ENABLE_MODULES = YES;
				CLANG_ENABLE_OBJC_ARC = YES;
				CLANG_ENABLE_OBJC_WEAK = YES;
				CLANG_WARN_BLOCK_CAPTURE_AUTORELEASING = YES;
				CLANG_WARN_BOOL_CONVERSION = YES;
				CLANG_WARN_COMMA = YES;
				CLANG_WARN_CONSTANT_CONVERSION = YES;
				CLANG_WARN_DEPRECATED_OBJC_IMPLEMENTATIONS = YES;
				CLANG_WARN_DIRECT_OBJC_ISA_USAGE = YES_ERROR;
				CLANG_WARN_DOCUMENTATION_COMMENTS = YES;
				CLANG_WARN_EMPTY_BODY = YES;
				CLANG_WARN_ENUM_CONVERSION = YES;
				CLANG_WARN_INFINITE_RECURSION = YES;
				CLANG_WARN_INT_CONVERSION = YES;
				CLANG_WARN_NON_LITERAL_NULL_CONVERSION = YES;
				CLANG_WARN_OBJC_IMPLICIT_RETAIN_SELF = YES;
				CLANG_WARN_OBJC_LITERAL_CONVERSION = YES;
				CLANG_WARN_OBJC_ROOT_CLASS = YES_ERROR;
				CLANG_WARN_QUOTED_INCLUDE_IN_FRAMEWORK_HEADER = YES;
				CLANG_WARN_RANGE_LOOP_ANALYSIS = YES;
				CLANG_WARN_STRICT_PROTOTYPES = YES;
				CLANG_WARN_SUSPICIOUS_MOVE = YES;
				CLANG_WARN_UNGUARDED_AVAILABILITY = YES_AGGRESSIVE;
				CLANG_WARN_UNREACHABLE_CODE = YES;
				CLANG_WARN__DUPLICATE_METHOD_MATCH = YES;
				CODE_SIGN_STYLE = Automatic;
				COPY_PHASE_STRIP = NO;
				CURRENT_PROJECT_VERSION = 1;
				DEBUG_INFORMATION_FORMAT = "dwarf-with-dsym";
				DEVELOPMENT_TEAM = T68Z94627S;
				ENABLE_NS_ASSERTIONS = NO;
				ENABLE_STRICT_OBJC_MSGSEND = YES;
				ENABLE_USER_SCRIPT_SANDBOXING = YES;
				GCC_C_LANGUAGE_STANDARD = gnu17;
				GCC_NO_COMMON_BLOCKS = YES;
				GCC_WARN_64_TO_32_BIT_CONVERSION = YES;
				GCC_WARN_ABOUT_RETURN_TYPE = YES_ERROR;
				GCC_WARN_UNDECLARED_SELECTOR = YES;
				GCC_WARN_UNINITIALIZED_AUTOS = YES_AGGRESSIVE;
				GCC_WARN_UNUSED_FUNCTION = YES;
				GCC_WARN_UNUSED_VARIABLE = YES;
				GENERATE_INFOPLIST_FILE = YES;
				IPHONEOS_DEPLOYMENT_TARGET = 26.2;
				LOCALIZATION_PREFERS_STRING_CATALOGS = YES;
				MARKETING_VERSION = 1.0;
				MTL_ENABLE_DEBUG_INFO = NO;
				MTL_FAST_MATH = YES;
				PRODUCT_BUNDLE_IDENTIFIER = com.milestonemade.GuessWhoUITests;
				PRODUCT_NAME = "$(TARGET_NAME)";
				SDKROOT = iphoneos;
				STRING_CATALOG_GENERATE_SYMBOLS = NO;
				SWIFT_APPROACHABLE_CONCURRENCY = YES;
				SWIFT_COMPILATION_MODE = wholemodule;
				SWIFT_EMIT_LOC_STRINGS = NO;
				SWIFT_UPCOMING_FEATURE_MEMBER_IMPORT_VISIBILITY = YES;
				SWIFT_VERSION = 5.0;
				TARGETED_DEVICE_FAMILY = "1,2";
				TEST_TARGET_NAME = GuessWho;
				VALIDATE_PRODUCT = YES;
			};
			name = Release;
		};
/* End XCBuildConfiguration section */

/* Begin XCConfigurationList section */
		A100000000000000000000C1 /* Build configuration list for PBXProject "GuessWho" */ = {
			isa = XCConfigurationList;
			buildConfigurations = (
				A100000000000000000000C11 /* Debug */,
				A100000000000000000000C12 /* Release */,
			);
			defaultConfigurationIsVisible = 0;
			defaultConfigurationName = Release;
		};
		A100000000000000000000C2 /* Build configuration list for PBXNativeTarget "GuessWho" */ = {
			isa = XCConfigurationList;
			buildConfigurations = (
				A100000000000000000000C21 /* Debug */,
				A100000000000000000000C22 /* Release */,
			);
			defaultConfigurationIsVisible = 0;
			defaultConfigurationName = Release;
		};
		B200000000000000000000C2 /* Build configuration list for PBXNativeTarget "GuessWhoLinkedIn" */ = {
			isa = XCConfigurationList;
			buildConfigurations = (
				B200000000000000000000C21 /* Debug */,
				B200000000000000000000C22 /* Release */,
			);
			defaultConfigurationIsVisible = 0;
			defaultConfigurationName = Release;
		};
		C700000000000000000000C2 /* Build configuration list for PBXNativeTarget "GuessWhoAppKitBridge" */ = {
			isa = XCConfigurationList;
			buildConfigurations = (
				C700000000000000000000C21 /* Debug */,
				C700000000000000000000C22 /* Release */,
			);
			defaultConfigurationIsVisible = 0;
			defaultConfigurationName = Release;
		};
		C55587032FE7A7DE002F1969 /* Build configuration list for PBXNativeTarget "GuessWhoUITests" */ = {
			isa = XCConfigurationList;
			buildConfigurations = (
				C55587012FE7A7DE002F1969 /* Debug */,
				C55587022FE7A7DE002F1969 /* Release */,
			);
			defaultConfigurationIsVisible = 0;
			defaultConfigurationName = Release;
		};
/* End XCConfigurationList section */

/* Begin XCLocalSwiftPackageReference section */
		A100000000000000000000D1 /* XCLocalSwiftPackageReference ".." */ = {
			isa = XCLocalSwiftPackageReference;
			relativePath = ..;
		};
/* End XCLocalSwiftPackageReference section */

/* Begin XCSwiftPackageProductDependency section */
		A100000000000000000000D2 /* GuessWhoSync */ = {
			isa = XCSwiftPackageProductDependency;
			productName = GuessWhoSync;
		};
		A100000000000000000000D4 /* GuessWhoLogging */ = {
			isa = XCSwiftPackageProductDependency;
			productName = GuessWhoLogging;
		};
		B200000000000000000000D4 /* GuessWhoLogging */ = {
			isa = XCSwiftPackageProductDependency;
			productName = GuessWhoLogging;
		};
/* End XCSwiftPackageProductDependency section */
	};
	rootObject = A100000000000000000000A0 /* Project object */;
}
